
Microsoft Visual Studio Solution File, Format Version 12.00
# Visual Studio Version 17
VisualStudioVersion = 17.4.33205.214
MinimumVisualStudioVersion = 10.0.40219.1
Project("{FAE04EC0-301F-11D3-BF4B-00C04F79EFBC}") = "backAPI", "backAPI.csproj", "{DE6008EB-A300-4104-AF10-9FEAF6DDC2BD}"
EndProject
Global
	GlobalSection(SolutionConfigurationPlatforms) = preSolution
		Debug|Any CPU = Debug|Any CPU
		Release|Any CPU = Release|Any CPU
	EndGlobalSection
	GlobalSection(ProjectConfigurationPlatforms) = postSolution
		{DE6008EB-A300-4104-AF10-9FEAF6DDC2BD}.Debug|Any CPU.ActiveCfg = Debug|Any CPU
		{DE6008EB-A300-4104-AF10-9FEAF6DDC2BD}.Debug|Any CPU.Build.0 = Debug|Any CPU
		{DE6008EB-A300-4104-AF10-9FEAF6DDC2BD}.Release|Any CPU.ActiveCfg = Release|Any CPU
		{DE6008EB-A300-4104-AF10-9FEAF6DDC2BD}.Release|Any CPU.Build.0 = Release|Any CPU
	EndGlobalSection
	GlobalSection(SolutionProperties) = preSolution
		HideSolutionNode = FALSE
	EndGlobalSection
	GlobalSection(ExtensibilityGlobals) = postSolution
		SolutionGuid = {F5F09503-3395-45D1-A4BA-0FDF8C4A8879}
	EndGlobalSection
EndGlobal
